{
  "name": "calvad_rscripts",
  "version": "1.0.6",
  "lockfileVersion": 1,
  "dependencies": {
    "configr": {
      "version": "git://github.com/jmarca/configr.git#1232c62ef070f2b5e8dd5f35f42aaee1498da6eb",
      "integrity": "sha1-CsfcoVOX+ZDt+tcx9Lqc7ug832g="
    },
    "rcouchutils": {
      "version": "git://github.com/jmarca/rstats_couch_utils.git#1a57f9b016962e116d04d9d347837d6b8804a667",
      "integrity": "sha1-yJck+y8mNvTymQZ8+najMFoYMiA=",
      "dependencies": {
        "configr": {
          "version": "git://github.com/jmarca/configr.git#1232c62ef070f2b5e8dd5f35f42aaee1498da6eb",
          "integrity": "sha1-7DoC/q6Aw35UGeXwS8dJrTAbcTU="
        }
      }
    },
    "rstats_remote_files": {
      "version": "git://github.com/jmarca/rstats_remote_files.git#f14a610510a824a107cd02aa17d97cd63f5b461e",
      "integrity": "sha1-eTQfnGYXVyXL/7atg8YQ4q4QRtA="
    }
  }
}
