{
  "name": "calvad_rscripts",
  "version": "1.0.6",
  "lockfileVersion": 1,
  "requires": true,
  "dependencies": {
    "configr": {
      "version": "github:jmarca/configr#f8e9f1618ff6233e0cb6172b0c7fd781dff25360"
    },
    "rcouchutils": {
      "version": "github:jmarca/rstats_couch_utils#0fc057478ad6a1fa3d81101869f43fa134ddeeee",
      "requires": {
        "configr": "github:jmarca/configr#f8e9f1618ff6233e0cb6172b0c7fd781dff25360"
      }
    },
    "rstats_remote_files": {
      "version": "github:jmarca/rstats_remote_files#f14a610510a824a107cd02aa17d97cd63f5b461e"
    }
  }
}
